
Microsoft Visual Studio Solution File, Format Version 12.00
Project("{2150E333-8FDC-42A3-9474-1A3956D46DE8}") = "01-ApiGateway", "01-ApiGateway", "{CD921E3E-3307-48D0-B009-28A6EEA82DC8}"
EndProject
Project("{FAE04EC0-301F-11D3-BF4B-00C04F79EFBC}") = "ApiGatewayOcelotExample", "01-ApiGateway\ApiGatewayOcelotExample\ApiGatewayOcelotExample.csproj", "{D7B21E2D-A0F5-43FA-B0E3-46502716929A}"
EndProject
Project("{FAE04EC0-301F-11D3-BF4B-00C04F79EFBC}") = "ApiGateway-API1", "01-ApiGateway\ApiGateway-API1\ApiGateway-API1.csproj", "{B4820817-B80D-415B-8AE9-54B04D785164}"
EndProject
Project("{FAE04EC0-301F-11D3-BF4B-00C04F79EFBC}") = "ApiGateway-API2", "01-ApiGateway\ApiGateway-API2\ApiGateway-API2.csproj", "{B2444F32-6AE3-4BB7-95C0-2FFF551ABB65}"
EndProject
Project("{FAE04EC0-301F-11D3-BF4B-00C04F79EFBC}") = "ApiGateway-API3", "01-ApiGateway\ApiGateway-API3\ApiGateway-API3.csproj", "{6A5170C5-238F-4633-A87E-997C3F15F357}"
EndProject
Global
	GlobalSection(SolutionConfigurationPlatforms) = preSolution
		Debug|Any CPU = Debug|Any CPU
		Release|Any CPU = Release|Any CPU
	EndGlobalSection
	GlobalSection(NestedProjects) = preSolution
		{D7B21E2D-A0F5-43FA-B0E3-46502716929A} = {CD921E3E-3307-48D0-B009-28A6EEA82DC8}
		{B4820817-B80D-415B-8AE9-54B04D785164} = {CD921E3E-3307-48D0-B009-28A6EEA82DC8}
		{B2444F32-6AE3-4BB7-95C0-2FFF551ABB65} = {CD921E3E-3307-48D0-B009-28A6EEA82DC8}
		{6A5170C5-238F-4633-A87E-997C3F15F357} = {CD921E3E-3307-48D0-B009-28A6EEA82DC8}
	EndGlobalSection
	GlobalSection(ProjectConfigurationPlatforms) = postSolution
		{D7B21E2D-A0F5-43FA-B0E3-46502716929A}.Debug|Any CPU.ActiveCfg = Debug|Any CPU
		{D7B21E2D-A0F5-43FA-B0E3-46502716929A}.Debug|Any CPU.Build.0 = Debug|Any CPU
		{D7B21E2D-A0F5-43FA-B0E3-46502716929A}.Release|Any CPU.ActiveCfg = Release|Any CPU
		{D7B21E2D-A0F5-43FA-B0E3-46502716929A}.Release|Any CPU.Build.0 = Release|Any CPU
		{B4820817-B80D-415B-8AE9-54B04D785164}.Debug|Any CPU.ActiveCfg = Debug|Any CPU
		{B4820817-B80D-415B-8AE9-54B04D785164}.Debug|Any CPU.Build.0 = Debug|Any CPU
		{B4820817-B80D-415B-8AE9-54B04D785164}.Release|Any CPU.ActiveCfg = Release|Any CPU
		{B4820817-B80D-415B-8AE9-54B04D785164}.Release|Any CPU.Build.0 = Release|Any CPU
		{B2444F32-6AE3-4BB7-95C0-2FFF551ABB65}.Debug|Any CPU.ActiveCfg = Debug|Any CPU
		{B2444F32-6AE3-4BB7-95C0-2FFF551ABB65}.Debug|Any CPU.Build.0 = Debug|Any CPU
		{B2444F32-6AE3-4BB7-95C0-2FFF551ABB65}.Release|Any CPU.ActiveCfg = Release|Any CPU
		{B2444F32-6AE3-4BB7-95C0-2FFF551ABB65}.Release|Any CPU.Build.0 = Release|Any CPU
		{6A5170C5-238F-4633-A87E-997C3F15F357}.Debug|Any CPU.ActiveCfg = Debug|Any CPU
		{6A5170C5-238F-4633-A87E-997C3F15F357}.Debug|Any CPU.Build.0 = Debug|Any CPU
		{6A5170C5-238F-4633-A87E-997C3F15F357}.Release|Any CPU.ActiveCfg = Release|Any CPU
		{6A5170C5-238F-4633-A87E-997C3F15F357}.Release|Any CPU.Build.0 = Release|Any CPU
	EndGlobalSection
EndGlobal
